
Microsoft Visual Studio Solution File, Format Version 12.00
# Visual Studio Version 16
VisualStudioVersion = 16.0.32126.315
MinimumVisualStudioVersion = 10.0.40219.1
Project("{FAE04EC0-301F-11D3-BF4B-00C04F79EFBC}") = "AcessoBancoDados", "AcessoBancoDados\AcessoBancoDados.csproj", "{6236AF49-A1CE-4ACD-9562-D0F71E99EFBF}"
EndProject
Project("{FAE04EC0-301F-11D3-BF4B-00C04F79EFBC}") = "ObjetoTransferencia", "ObjetoTransferencia\ObjetoTransferencia.csproj", "{C11CCC81-1A0C-4313-991E-F511AB0AE418}"
EndProject
Project("{FAE04EC0-301F-11D3-BF4B-00C04F79EFBC}") = "Negocios", "Negocios\Negocios.csproj", "{48C304D8-8BE8-4D83-860C-F50E447024B6}"
EndProject
Global
	GlobalSection(SolutionConfigurationPlatforms) = preSolution
		Debug|Any CPU = Debug|Any CPU
		Release|Any CPU = Release|Any CPU
	EndGlobalSection
	GlobalSection(ProjectConfigurationPlatforms) = postSolution
		{6236AF49-A1CE-4ACD-9562-D0F71E99EFBF}.Debug|Any CPU.ActiveCfg = Debug|Any CPU
		{6236AF49-A1CE-4ACD-9562-D0F71E99EFBF}.Debug|Any CPU.Build.0 = Debug|Any CPU
		{6236AF49-A1CE-4ACD-9562-D0F71E99EFBF}.Release|Any CPU.ActiveCfg = Release|Any CPU
		{6236AF49-A1CE-4ACD-9562-D0F71E99EFBF}.Release|Any CPU.Build.0 = Release|Any CPU
		{C11CCC81-1A0C-4313-991E-F511AB0AE418}.Debug|Any CPU.ActiveCfg = Debug|Any CPU
		{C11CCC81-1A0C-4313-991E-F511AB0AE418}.Debug|Any CPU.Build.0 = Debug|Any CPU
		{C11CCC81-1A0C-4313-991E-F511AB0AE418}.Release|Any CPU.ActiveCfg = Release|Any CPU
		{C11CCC81-1A0C-4313-991E-F511AB0AE418}.Release|Any CPU.Build.0 = Release|Any CPU
		{48C304D8-8BE8-4D83-860C-F50E447024B6}.Debug|Any CPU.ActiveCfg = Debug|Any CPU
		{48C304D8-8BE8-4D83-860C-F50E447024B6}.Debug|Any CPU.Build.0 = Debug|Any CPU
		{48C304D8-8BE8-4D83-860C-F50E447024B6}.Release|Any CPU.ActiveCfg = Release|Any CPU
		{48C304D8-8BE8-4D83-860C-F50E447024B6}.Release|Any CPU.Build.0 = Release|Any CPU
	EndGlobalSection
	GlobalSection(SolutionProperties) = preSolution
		HideSolutionNode = FALSE
	EndGlobalSection
	GlobalSection(ExtensibilityGlobals) = postSolution
		SolutionGuid = {CB9D3E5D-411D-4AF3-9B8A-C314078520CA}
	EndGlobalSection
EndGlobal
