
Microsoft Visual Studio Solution File, Format Version 12.00
# Visual Studio Version 16
VisualStudioVersion = 16.0.32126.315
MinimumVisualStudioVersion = 10.0.40219.1
Project("{FAE04EC0-301F-11D3-BF4B-00C04F79EFBC}") = "vendas", "vendas\vendas.csproj", "{692750DF-5B6D-44E1-BFAA-003419B0EA42}"
EndProject
Project("{FAE04EC0-301F-11D3-BF4B-00C04F79EFBC}") = "Listass", "Listass\Listass.csproj", "{64D2C773-10BF-4079-AA08-845CE3B7CA69}"
EndProject
Global
	GlobalSection(SolutionConfigurationPlatforms) = preSolution
		Debug|Any CPU = Debug|Any CPU
		Release|Any CPU = Release|Any CPU
	EndGlobalSection
	GlobalSection(ProjectConfigurationPlatforms) = postSolution
		{692750DF-5B6D-44E1-BFAA-003419B0EA42}.Debug|Any CPU.ActiveCfg = Debug|Any CPU
		{692750DF-5B6D-44E1-BFAA-003419B0EA42}.Debug|Any CPU.Build.0 = Debug|Any CPU
		{692750DF-5B6D-44E1-BFAA-003419B0EA42}.Release|Any CPU.ActiveCfg = Release|Any CPU
		{692750DF-5B6D-44E1-BFAA-003419B0EA42}.Release|Any CPU.Build.0 = Release|Any CPU
		{64D2C773-10BF-4079-AA08-845CE3B7CA69}.Debug|Any CPU.ActiveCfg = Debug|Any CPU
		{64D2C773-10BF-4079-AA08-845CE3B7CA69}.Debug|Any CPU.Build.0 = Debug|Any CPU
		{64D2C773-10BF-4079-AA08-845CE3B7CA69}.Release|Any CPU.ActiveCfg = Release|Any CPU
		{64D2C773-10BF-4079-AA08-845CE3B7CA69}.Release|Any CPU.Build.0 = Release|Any CPU
	EndGlobalSection
	GlobalSection(SolutionProperties) = preSolution
		HideSolutionNode = FALSE
	EndGlobalSection
	GlobalSection(ExtensibilityGlobals) = postSolution
		SolutionGuid = {A8C5CAED-147D-4B7C-88F0-90F857005518}
	EndGlobalSection
EndGlobal
